
Microsoft Visual Studio Solution File, Format Version 12.00
# Visual Studio Version 16
VisualStudioVersion = 16.0.29905.134
MinimumVisualStudioVersion = 10.0.40219.1
Project("{FAE04EC0-301F-11D3-BF4B-00C04F79EFBC}") = "WeatherApp", "WeatherApp\WeatherApp.csproj", "{03727F76-17C8-4BC2-A3F2-D499C47E2C74}"
EndProject
Project("{FAE04EC0-301F-11D3-BF4B-00C04F79EFBC}") = "Sender", "Sender\Sender.csproj", "{454D075A-75CE-42B9-9BF9-BEAE052FD345}"
EndProject
Global
	GlobalSection(SolutionConfigurationPlatforms) = preSolution
		Debug|Any CPU = Debug|Any CPU
		Release|Any CPU = Release|Any CPU
	EndGlobalSection
	GlobalSection(ProjectConfigurationPlatforms) = postSolution
		{03727F76-17C8-4BC2-A3F2-D499C47E2C74}.Debug|Any CPU.ActiveCfg = Debug|Any CPU
		{03727F76-17C8-4BC2-A3F2-D499C47E2C74}.Debug|Any CPU.Build.0 = Debug|Any CPU
		{03727F76-17C8-4BC2-A3F2-D499C47E2C74}.Release|Any CPU.ActiveCfg = Release|Any CPU
		{03727F76-17C8-4BC2-A3F2-D499C47E2C74}.Release|Any CPU.Build.0 = Release|Any CPU
		{454D075A-75CE-42B9-9BF9-BEAE052FD345}.Debug|Any CPU.ActiveCfg = Debug|Any CPU
		{454D075A-75CE-42B9-9BF9-BEAE052FD345}.Debug|Any CPU.Build.0 = Debug|Any CPU
		{454D075A-75CE-42B9-9BF9-BEAE052FD345}.Release|Any CPU.ActiveCfg = Release|Any CPU
		{454D075A-75CE-42B9-9BF9-BEAE052FD345}.Release|Any CPU.Build.0 = Release|Any CPU
	EndGlobalSection
	GlobalSection(SolutionProperties) = preSolution
		HideSolutionNode = FALSE
	EndGlobalSection
	GlobalSection(ExtensibilityGlobals) = postSolution
		SolutionGuid = {26C8873B-88F0-4B1C-9C5D-D0D4230310F3}
	EndGlobalSection
EndGlobal
